
Microsoft Visual Studio Solution File, Format Version 12.00
# Visual Studio Version 17
VisualStudioVersion = 17.10.35013.160
MinimumVisualStudioVersion = 10.0.40219.1
Project("{FAE04EC0-301F-11D3-BF4B-00C04F79EFBC}") = "SalesWebApp", "SalesWebApp.csproj", "{B91362C2-F7D1-456C-AF99-EBE7454203BC}"
EndProject
Global
	GlobalSection(SolutionConfigurationPlatforms) = preSolution
		Debug|Any CPU = Debug|Any CPU
		Release|Any CPU = Release|Any CPU
	EndGlobalSection
	GlobalSection(ProjectConfigurationPlatforms) = postSolution
		{B91362C2-F7D1-456C-AF99-EBE7454203BC}.Debug|Any CPU.ActiveCfg = Debug|Any CPU
		{B91362C2-F7D1-456C-AF99-EBE7454203BC}.Debug|Any CPU.Build.0 = Debug|Any CPU
		{B91362C2-F7D1-456C-AF99-EBE7454203BC}.Release|Any CPU.ActiveCfg = Release|Any CPU
		{B91362C2-F7D1-456C-AF99-EBE7454203BC}.Release|Any CPU.Build.0 = Release|Any CPU
	EndGlobalSection
	GlobalSection(SolutionProperties) = preSolution
		HideSolutionNode = FALSE
	EndGlobalSection
	GlobalSection(ExtensibilityGlobals) = postSolution
		SolutionGuid = {A2927095-F72F-421B-A693-D91D1CFB6902}
	EndGlobalSection
EndGlobal
